
Microsoft Visual Studio Solution File, Format Version 12.00
# Visual Studio 15
VisualStudioVersion = 15.0.28307.705
MinimumVisualStudioVersion = 10.0.40219.1
Project("{FAE04EC0-301F-11D3-BF4B-00C04F79EFBC}") = "ProjetoFinal", "ProjetoFinal\ProjetoFinal.csproj", "{A0CE9DB2-59FA-4FB3-AAC4-EA1DBCEAFE79}"
EndProject
Global
	GlobalSection(SolutionConfigurationPlatforms) = preSolution
		Debug|Any CPU = Debug|Any CPU
		Release|Any CPU = Release|Any CPU
	EndGlobalSection
	GlobalSection(ProjectConfigurationPlatforms) = postSolution
		{A0CE9DB2-59FA-4FB3-AAC4-EA1DBCEAFE79}.Debug|Any CPU.ActiveCfg = Debug|Any CPU
		{A0CE9DB2-59FA-4FB3-AAC4-EA1DBCEAFE79}.Debug|Any CPU.Build.0 = Debug|Any CPU
		{A0CE9DB2-59FA-4FB3-AAC4-EA1DBCEAFE79}.Release|Any CPU.ActiveCfg = Release|Any CPU
		{A0CE9DB2-59FA-4FB3-AAC4-EA1DBCEAFE79}.Release|Any CPU.Build.0 = Release|Any CPU
	EndGlobalSection
	GlobalSection(SolutionProperties) = preSolution
		HideSolutionNode = FALSE
	EndGlobalSection
	GlobalSection(ExtensibilityGlobals) = postSolution
		SolutionGuid = {2A7BEADB-BDD6-4B61-A512-530AC6CADBF1}
	EndGlobalSection
EndGlobal
